# This file was autogenerated by Juvix version 0.6.2.
# Do not edit this file manually.

version: 2
checksum: b74d6eaac8df22e1b4f404e963b2b327c0eb2d0e9178092d77363c7fdd21f643
dependencies:
- git:
    name: anoma_juvix-stdlib
    ref: 00f6f503dbc2cfa72bd469fb8ce7edd0e9730639
    url: https://github.com/anoma/juvix-stdlib
  dependencies: []
- git:
    name: anoma_juvix-test
    ref: 73515597abed1c4180b2172a4f7f7cfe272712f1
    url: https://github.com/anoma/juvix-test
  dependencies:
  - git:
      name: anoma_juvix-stdlib
      ref: 00f6f503dbc2cfa72bd469fb8ce7edd0e9730639
      url: https://github.com/anoma/juvix-stdlib
    dependencies: []
- path: ../
  dependencies:
  - git:
      name: anoma_juvix-stdlib
      ref: 00f6f503dbc2cfa72bd469fb8ce7edd0e9730639
      url: https://github.com/anoma/juvix-stdlib
    dependencies: []
