# This file was autogenerated by Juvix version 0.6.0.
# Do not edit this file manually.

version: 2
checksum: df02f0de613b73eb33ade5e798d2d1ea4758a94908bd0af43cc7ce04bab0dac0
dependencies:
- git:
    name: anoma_juvix-stdlib
    ref: e2efe4e6fe8e8bf1766050a7fa7ad8ff4e8c69fc
    url: https://github.com/anoma/juvix-stdlib
  dependencies: []
- git:
    name: anoma_juvix-test
    ref: 341fc7f67f1290f0af5007e2fb1375770761fe29
    url: https://github.com/anoma/juvix-test
  dependencies:
  - git:
      name: anoma_juvix-stdlib
      ref: e2efe4e6fe8e8bf1766050a7fa7ad8ff4e8c69fc
      url: https://github.com/anoma/juvix-stdlib
    dependencies: []
- path: ../
  dependencies:
  - git:
      name: anoma_juvix-stdlib
      ref: e2efe4e6fe8e8bf1766050a7fa7ad8ff4e8c69fc
      url: https://github.com/anoma/juvix-stdlib
    dependencies: []
