# This file was autogenerated by Juvix version 0.6.3.
# Do not edit this file manually.

version: 2
checksum: 9915437ae9fa7cc71e22a1cc18517849f7695b04dfd8fecfce0d8ec5285aa9cd
dependencies:
- git:
    name: anoma_juvix-stdlib
    ref: 89a5960fb8a29291e9271986b98ca7b1edf4031b
    url: https://github.com/anoma/juvix-stdlib
  dependencies: []
