# This file was autogenerated by Juvix version 0.5.4.
# Do not edit this file manually.

version: 2
checksum: 9aaabae65617464b919b945d3e68dbd6a9a062133133ed069a8adbb59515c969
dependencies:
- git:
    name: anoma_juvix-stdlib
    ref: 183d4e9329a648b339ebecf2122b3e9621c99ee8
    url: https://github.com/anoma/juvix-stdlib
  dependencies: []
