# This file was autogenerated by Juvix version 0.5.4.
# Do not edit this file manually.

version: 2
checksum: d506d3968a6a2b123382e10518e145f7545f2209d84d1cefeec6f8be283a5c45
dependencies:
- git:
    name: anoma_juvix-stdlib
    ref: f68b0614ad695eaa13ead42f3466e0a78219f826
    url: https://github.com/anoma/juvix-stdlib
  dependencies: []
